
Microsoft Visual Studio Solution File, Format Version 12.00
# Visual Studio 14
VisualStudioVersion = 14.0.25123.0
MinimumVisualStudioVersion = 10.0.40219.1
Project("{FAE04EC0-301F-11D3-BF4B-00C04F79EFBC}") = "GreetingsXamarinTestApp.Droid", "GreetingsXamarinTestApp\GreetingsXamarinTestApp.Droid\GreetingsXamarinTestApp.Droid.csproj", "{10ADC222-F26D-4AF9-BAFF-49F87CB53D63}"
EndProject
Project("{FAE04EC0-301F-11D3-BF4B-00C04F79EFBC}") = "GreetingsXamarinTestApp.iOS", "GreetingsXamarinTestApp\GreetingsXamarinTestApp.iOS\GreetingsXamarinTestApp.iOS.csproj", "{05AEC199-F9B5-4075-9A9A-AECDFC22C4E5}"
EndProject
Project("{FAE04EC0-301F-11D3-BF4B-00C04F79EFBC}") = "GreetingsXamarinTestApp.WinPhone", "GreetingsXamarinTestApp\GreetingsXamarinTestApp.WinPhone\GreetingsXamarinTestApp.WinPhone.csproj", "{159B290F-DB47-4477-B460-C56B4E09AE38}"
EndProject
Project("{FAE04EC0-301F-11D3-BF4B-00C04F79EFBC}") = "GreetingsXamarinTestApp.UWP", "GreetingsXamarinTestApp\GreetingsXamarinTestApp.UWP\GreetingsXamarinTestApp.UWP.csproj", "{1217FEA8-F4D6-4268-8CEF-48880E9EE348}"
EndProject
Project("{FAE04EC0-301F-11D3-BF4B-00C04F79EFBC}") = "GreetingsXamarinTestApp.Windows", "GreetingsXamarinTestApp\GreetingsXamarinTestApp.Windows\GreetingsXamarinTestApp.Windows.csproj", "{9772D0AA-D8D2-4A82-B5F4-A4E57D556A9D}"
EndProject
Project("{FAE04EC0-301F-11D3-BF4B-00C04F79EFBC}") = "GreetingsXamarinTestApp", "GreetingsXamarinTestApp\GreetingsXamarinTestApp\GreetingsXamarinTestApp.csproj", "{E8964424-DC69-4395-A7AE-5E3162700AC8}"
EndProject
Global
	GlobalSection(SolutionConfigurationPlatforms) = preSolution
		Ad-Hoc|Any CPU = Ad-Hoc|Any CPU
		Ad-Hoc|ARM = Ad-Hoc|ARM
		Ad-Hoc|iPhone = Ad-Hoc|iPhone
		Ad-Hoc|iPhoneSimulator = Ad-Hoc|iPhoneSimulator
		Ad-Hoc|x64 = Ad-Hoc|x64
		Ad-Hoc|x86 = Ad-Hoc|x86
		AppStore|Any CPU = AppStore|Any CPU
		AppStore|ARM = AppStore|ARM
		AppStore|iPhone = AppStore|iPhone
		AppStore|iPhoneSimulator = AppStore|iPhoneSimulator
		AppStore|x64 = AppStore|x64
		AppStore|x86 = AppStore|x86
		Debug|Any CPU = Debug|Any CPU
		Debug|ARM = Debug|ARM
		Debug|iPhone = Debug|iPhone
		Debug|iPhoneSimulator = Debug|iPhoneSimulator
		Debug|x64 = Debug|x64
		Debug|x86 = Debug|x86
		Release|Any CPU = Release|Any CPU
		Release|ARM = Release|ARM
		Release|iPhone = Release|iPhone
		Release|iPhoneSimulator = Release|iPhoneSimulator
		Release|x64 = Release|x64
		Release|x86 = Release|x86
	EndGlobalSection
	GlobalSection(ProjectConfigurationPlatforms) = postSolution
		{10ADC222-F26D-4AF9-BAFF-49F87CB53D63}.Ad-Hoc|Any CPU.ActiveCfg = Release|Any CPU
		{10ADC222-F26D-4AF9-BAFF-49F87CB53D63}.Ad-Hoc|Any CPU.Build.0 = Release|Any CPU
		{10ADC222-F26D-4AF9-BAFF-49F87CB53D63}.Ad-Hoc|Any CPU.Deploy.0 = Release|Any CPU
		{10ADC222-F26D-4AF9-BAFF-49F87CB53D63}.Ad-Hoc|ARM.ActiveCfg = Release|Any CPU
		{10ADC222-F26D-4AF9-BAFF-49F87CB53D63}.Ad-Hoc|ARM.Build.0 = Release|Any CPU
		{10ADC222-F26D-4AF9-BAFF-49F87CB53D63}.Ad-Hoc|ARM.Deploy.0 = Release|Any CPU
		{10ADC222-F26D-4AF9-BAFF-49F87CB53D63}.Ad-Hoc|iPhone.ActiveCfg = Release|Any CPU
		{10ADC222-F26D-4AF9-BAFF-49F87CB53D63}.Ad-Hoc|iPhone.Build.0 = Release|Any CPU
		{10ADC222-F26D-4AF9-BAFF-49F87CB53D63}.Ad-Hoc|iPhone.Deploy.0 = Release|Any CPU
		{10ADC222-F26D-4AF9-BAFF-49F87CB53D63}.Ad-Hoc|iPhoneSimulator.ActiveCfg = Release|Any CPU
		{10ADC222-F26D-4AF9-BAFF-49F87CB53D63}.Ad-Hoc|iPhoneSimulator.Build.0 = Release|Any CPU
		{10ADC222-F26D-4AF9-BAFF-49F87CB53D63}.Ad-Hoc|iPhoneSimulator.Deploy.0 = Release|Any CPU
		{10ADC222-F26D-4AF9-BAFF-49F87CB53D63}.Ad-Hoc|x64.ActiveCfg = Release|Any CPU
		{10ADC222-F26D-4AF9-BAFF-49F87CB53D63}.Ad-Hoc|x64.Build.0 = Release|Any CPU
		{10ADC222-F26D-4AF9-BAFF-49F87CB53D63}.Ad-Hoc|x64.Deploy.0 = Release|Any CPU
		{10ADC222-F26D-4AF9-BAFF-49F87CB53D63}.Ad-Hoc|x86.ActiveCfg = Release|Any CPU
		{10ADC222-F26D-4AF9-BAFF-49F87CB53D63}.Ad-Hoc|x86.Build.0 = Release|Any CPU
		{10ADC222-F26D-4AF9-BAFF-49F87CB53D63}.Ad-Hoc|x86.Deploy.0 = Release|Any CPU
		{10ADC222-F26D-4AF9-BAFF-49F87CB53D63}.AppStore|Any CPU.ActiveCfg = Release|Any CPU
		{10ADC222-F26D-4AF9-BAFF-49F87CB53D63}.AppStore|Any CPU.Build.0 = Release|Any CPU
		{10ADC222-F26D-4AF9-BAFF-49F87CB53D63}.AppStore|Any CPU.Deploy.0 = Release|Any CPU
		{10ADC222-F26D-4AF9-BAFF-49F87CB53D63}.AppStore|ARM.ActiveCfg = Release|Any CPU
		{10ADC222-F26D-4AF9-BAFF-49F87CB53D63}.AppStore|ARM.Build.0 = Release|Any CPU
		{10ADC222-F26D-4AF9-BAFF-49F87CB53D63}.AppStore|ARM.Deploy.0 = Release|Any CPU
		{10ADC222-F26D-4AF9-BAFF-49F87CB53D63}.AppStore|iPhone.ActiveCfg = Release|Any CPU
		{10ADC222-F26D-4AF9-BAFF-49F87CB53D63}.AppStore|iPhone.Build.0 = Release|Any CPU
		{10ADC222-F26D-4AF9-BAFF-49F87CB53D63}.AppStore|iPhone.Deploy.0 = Release|Any CPU
		{10ADC222-F26D-4AF9-BAFF-49F87CB53D63}.AppStore|iPhoneSimulator.ActiveCfg = Release|Any CPU
		{10ADC222-F26D-4AF9-BAFF-49F87CB53D63}.AppStore|iPhoneSimulator.Build.0 = Release|Any CPU
		{10ADC222-F26D-4AF9-BAFF-49F87CB53D63}.AppStore|iPhoneSimulator.Deploy.0 = Release|Any CPU
		{10ADC222-F26D-4AF9-BAFF-49F87CB53D63}.AppStore|x64.ActiveCfg = Release|Any CPU
		{10ADC222-F26D-4AF9-BAFF-49F87CB53D63}.AppStore|x64.Build.0 = Release|Any CPU
		{10ADC222-F26D-4AF9-BAFF-49F87CB53D63}.AppStore|x64.Deploy.0 = Release|Any CPU
		{10ADC222-F26D-4AF9-BAFF-49F87CB53D63}.AppStore|x86.ActiveCfg = Release|Any CPU
		{10ADC222-F26D-4AF9-BAFF-49F87CB53D63}.AppStore|x86.Build.0 = Release|Any CPU
		{10ADC222-F26D-4AF9-BAFF-49F87CB53D63}.AppStore|x86.Deploy.0 = Release|Any CPU
		{10ADC222-F26D-4AF9-BAFF-49F87CB53D63}.Debug|Any CPU.ActiveCfg = Debug|Any CPU
		{10ADC222-F26D-4AF9-BAFF-49F87CB53D63}.Debug|Any CPU.Build.0 = Debug|Any CPU
		{10ADC222-F26D-4AF9-BAFF-49F87CB53D63}.Debug|Any CPU.Deploy.0 = Debug|Any CPU
		{10ADC222-F26D-4AF9-BAFF-49F87CB53D63}.Debug|ARM.ActiveCfg = Debug|Any CPU
		{10ADC222-F26D-4AF9-BAFF-49F87CB53D63}.Debug|ARM.Build.0 = Debug|Any CPU
		{10ADC222-F26D-4AF9-BAFF-49F87CB53D63}.Debug|ARM.Deploy.0 = Debug|Any CPU
		{10ADC222-F26D-4AF9-BAFF-49F87CB53D63}.Debug|iPhone.ActiveCfg = Debug|Any CPU
		{10ADC222-F26D-4AF9-BAFF-49F87CB53D63}.Debug|iPhone.Build.0 = Debug|Any CPU
		{10ADC222-F26D-4AF9-BAFF-49F87CB53D63}.Debug|iPhone.Deploy.0 = Debug|Any CPU
		{10ADC222-F26D-4AF9-BAFF-49F87CB53D63}.Debug|iPhoneSimulator.ActiveCfg = Debug|Any CPU
		{10ADC222-F26D-4AF9-BAFF-49F87CB53D63}.Debug|iPhoneSimulator.Build.0 = Debug|Any CPU
		{10ADC222-F26D-4AF9-BAFF-49F87CB53D63}.Debug|iPhoneSimulator.Deploy.0 = Debug|Any CPU
		{10ADC222-F26D-4AF9-BAFF-49F87CB53D63}.Debug|x64.ActiveCfg = Debug|Any CPU
		{10ADC222-F26D-4AF9-BAFF-49F87CB53D63}.Debug|x64.Build.0 = Debug|Any CPU
		{10ADC222-F26D-4AF9-BAFF-49F87CB53D63}.Debug|x64.Deploy.0 = Debug|Any CPU
		{10ADC222-F26D-4AF9-BAFF-49F87CB53D63}.Debug|x86.ActiveCfg = Debug|Any CPU
		{10ADC222-F26D-4AF9-BAFF-49F87CB53D63}.Debug|x86.Build.0 = Debug|Any CPU
		{10ADC222-F26D-4AF9-BAFF-49F87CB53D63}.Debug|x86.Deploy.0 = Debug|Any CPU
		{10ADC222-F26D-4AF9-BAFF-49F87CB53D63}.Release|Any CPU.ActiveCfg = Release|Any CPU
		{10ADC222-F26D-4AF9-BAFF-49F87CB53D63}.Release|Any CPU.Build.0 = Release|Any CPU
		{10ADC222-F26D-4AF9-BAFF-49F87CB53D63}.Release|Any CPU.Deploy.0 = Release|Any CPU
		{10ADC222-F26D-4AF9-BAFF-49F87CB53D63}.Release|ARM.ActiveCfg = Release|Any CPU
		{10ADC222-F26D-4AF9-BAFF-49F87CB53D63}.Release|ARM.Build.0 = Release|Any CPU
		{10ADC222-F26D-4AF9-BAFF-49F87CB53D63}.Release|ARM.Deploy.0 = Release|Any CPU
		{10ADC222-F26D-4AF9-BAFF-49F87CB53D63}.Release|iPhone.ActiveCfg = Release|Any CPU
		{10ADC222-F26D-4AF9-BAFF-49F87CB53D63}.Release|iPhone.Build.0 = Release|Any CPU
		{10ADC222-F26D-4AF9-BAFF-49F87CB53D63}.Release|iPhone.Deploy.0 = Release|Any CPU
		{10ADC222-F26D-4AF9-BAFF-49F87CB53D63}.Release|iPhoneSimulator.ActiveCfg = Release|Any CPU
		{10ADC222-F26D-4AF9-BAFF-49F87CB53D63}.Release|iPhoneSimulator.Build.0 = Release|Any CPU
		{10ADC222-F26D-4AF9-BAFF-49F87CB53D63}.Release|iPhoneSimulator.Deploy.0 = Release|Any CPU
		{10ADC222-F26D-4AF9-BAFF-49F87CB53D63}.Release|x64.ActiveCfg = Release|Any CPU
		{10ADC222-F26D-4AF9-BAFF-49F87CB53D63}.Release|x64.Build.0 = Release|Any CPU
		{10ADC222-F26D-4AF9-BAFF-49F87CB53D63}.Release|x64.Deploy.0 = Release|Any CPU
		{10ADC222-F26D-4AF9-BAFF-49F87CB53D63}.Release|x86.ActiveCfg = Release|Any CPU
		{10ADC222-F26D-4AF9-BAFF-49F87CB53D63}.Release|x86.Build.0 = Release|Any CPU
		{10ADC222-F26D-4AF9-BAFF-49F87CB53D63}.Release|x86.Deploy.0 = Release|Any CPU
		{05AEC199-F9B5-4075-9A9A-AECDFC22C4E5}.Ad-Hoc|Any CPU.ActiveCfg = Ad-Hoc|iPhone
		{05AEC199-F9B5-4075-9A9A-AECDFC22C4E5}.Ad-Hoc|ARM.ActiveCfg = Ad-Hoc|iPhone
		{05AEC199-F9B5-4075-9A9A-AECDFC22C4E5}.Ad-Hoc|iPhone.ActiveCfg = Ad-Hoc|iPhone
		{05AEC199-F9B5-4075-9A9A-AECDFC22C4E5}.Ad-Hoc|iPhone.Build.0 = Ad-Hoc|iPhone
		{05AEC199-F9B5-4075-9A9A-AECDFC22C4E5}.Ad-Hoc|iPhoneSimulator.ActiveCfg = Ad-Hoc|iPhoneSimulator
		{05AEC199-F9B5-4075-9A9A-AECDFC22C4E5}.Ad-Hoc|iPhoneSimulator.Build.0 = Ad-Hoc|iPhoneSimulator
		{05AEC199-F9B5-4075-9A9A-AECDFC22C4E5}.Ad-Hoc|x64.ActiveCfg = Ad-Hoc|iPhone
		{05AEC199-F9B5-4075-9A9A-AECDFC22C4E5}.Ad-Hoc|x86.ActiveCfg = Ad-Hoc|iPhone
		{05AEC199-F9B5-4075-9A9A-AECDFC22C4E5}.AppStore|Any CPU.ActiveCfg = AppStore|iPhone
		{05AEC199-F9B5-4075-9A9A-AECDFC22C4E5}.AppStore|ARM.ActiveCfg = AppStore|iPhone
		{05AEC199-F9B5-4075-9A9A-AECDFC22C4E5}.AppStore|iPhone.ActiveCfg = AppStore|iPhone
		{05AEC199-F9B5-4075-9A9A-AECDFC22C4E5}.AppStore|iPhone.Build.0 = AppStore|iPhone
		{05AEC199-F9B5-4075-9A9A-AECDFC22C4E5}.AppStore|iPhoneSimulator.ActiveCfg = AppStore|iPhoneSimulator
		{05AEC199-F9B5-4075-9A9A-AECDFC22C4E5}.AppStore|iPhoneSimulator.Build.0 = AppStore|iPhoneSimulator
		{05AEC199-F9B5-4075-9A9A-AECDFC22C4E5}.AppStore|x64.ActiveCfg = AppStore|iPhone
		{05AEC199-F9B5-4075-9A9A-AECDFC22C4E5}.AppStore|x86.ActiveCfg = AppStore|iPhone
		{05AEC199-F9B5-4075-9A9A-AECDFC22C4E5}.Debug|Any CPU.ActiveCfg = Debug|iPhone
		{05AEC199-F9B5-4075-9A9A-AECDFC22C4E5}.Debug|ARM.ActiveCfg = Debug|iPhone
		{05AEC199-F9B5-4075-9A9A-AECDFC22C4E5}.Debug|iPhone.ActiveCfg = Debug|iPhone
		{05AEC199-F9B5-4075-9A9A-AECDFC22C4E5}.Debug|iPhone.Build.0 = Debug|iPhone
		{05AEC199-F9B5-4075-9A9A-AECDFC22C4E5}.Debug|iPhoneSimulator.ActiveCfg = Debug|iPhoneSimulator
		{05AEC199-F9B5-4075-9A9A-AECDFC22C4E5}.Debug|iPhoneSimulator.Build.0 = Debug|iPhoneSimulator
		{05AEC199-F9B5-4075-9A9A-AECDFC22C4E5}.Debug|x64.ActiveCfg = Debug|iPhone
		{05AEC199-F9B5-4075-9A9A-AECDFC22C4E5}.Debug|x86.ActiveCfg = Debug|iPhone
		{05AEC199-F9B5-4075-9A9A-AECDFC22C4E5}.Release|Any CPU.ActiveCfg = Release|iPhone
		{05AEC199-F9B5-4075-9A9A-AECDFC22C4E5}.Release|ARM.ActiveCfg = Release|iPhone
		{05AEC199-F9B5-4075-9A9A-AECDFC22C4E5}.Release|iPhone.ActiveCfg = Release|iPhone
		{05AEC199-F9B5-4075-9A9A-AECDFC22C4E5}.Release|iPhone.Build.0 = Release|iPhone
		{05AEC199-F9B5-4075-9A9A-AECDFC22C4E5}.Release|iPhoneSimulator.ActiveCfg = Release|iPhoneSimulator
		{05AEC199-F9B5-4075-9A9A-AECDFC22C4E5}.Release|iPhoneSimulator.Build.0 = Release|iPhoneSimulator
		{05AEC199-F9B5-4075-9A9A-AECDFC22C4E5}.Release|x64.ActiveCfg = Release|iPhone
		{05AEC199-F9B5-4075-9A9A-AECDFC22C4E5}.Release|x86.ActiveCfg = Release|iPhone
		{159B290F-DB47-4477-B460-C56B4E09AE38}.Ad-Hoc|Any CPU.ActiveCfg = Release|Any CPU
		{159B290F-DB47-4477-B460-C56B4E09AE38}.Ad-Hoc|Any CPU.Build.0 = Release|Any CPU
		{159B290F-DB47-4477-B460-C56B4E09AE38}.Ad-Hoc|Any CPU.Deploy.0 = Release|Any CPU
		{159B290F-DB47-4477-B460-C56B4E09AE38}.Ad-Hoc|ARM.ActiveCfg = Release|ARM
		{159B290F-DB47-4477-B460-C56B4E09AE38}.Ad-Hoc|ARM.Build.0 = Release|ARM
		{159B290F-DB47-4477-B460-C56B4E09AE38}.Ad-Hoc|ARM.Deploy.0 = Release|ARM
		{159B290F-DB47-4477-B460-C56B4E09AE38}.Ad-Hoc|iPhone.ActiveCfg = Release|Any CPU
		{159B290F-DB47-4477-B460-C56B4E09AE38}.Ad-Hoc|iPhone.Build.0 = Release|Any CPU
		{159B290F-DB47-4477-B460-C56B4E09AE38}.Ad-Hoc|iPhone.Deploy.0 = Release|Any CPU
		{159B290F-DB47-4477-B460-C56B4E09AE38}.Ad-Hoc|iPhoneSimulator.ActiveCfg = Release|Any CPU
		{159B290F-DB47-4477-B460-C56B4E09AE38}.Ad-Hoc|iPhoneSimulator.Build.0 = Release|Any CPU
		{159B290F-DB47-4477-B460-C56B4E09AE38}.Ad-Hoc|iPhoneSimulator.Deploy.0 = Release|Any CPU
		{159B290F-DB47-4477-B460-C56B4E09AE38}.Ad-Hoc|x64.ActiveCfg = Release|Any CPU
		{159B290F-DB47-4477-B460-C56B4E09AE38}.Ad-Hoc|x64.Build.0 = Release|Any CPU
		{159B290F-DB47-4477-B460-C56B4E09AE38}.Ad-Hoc|x64.Deploy.0 = Release|Any CPU
		{159B290F-DB47-4477-B460-C56B4E09AE38}.Ad-Hoc|x86.ActiveCfg = Release|x86
		{159B290F-DB47-4477-B460-C56B4E09AE38}.Ad-Hoc|x86.Build.0 = Release|x86
		{159B290F-DB47-4477-B460-C56B4E09AE38}.Ad-Hoc|x86.Deploy.0 = Release|x86
		{159B290F-DB47-4477-B460-C56B4E09AE38}.AppStore|Any CPU.ActiveCfg = Release|Any CPU
		{159B290F-DB47-4477-B460-C56B4E09AE38}.AppStore|Any CPU.Build.0 = Release|Any CPU
		{159B290F-DB47-4477-B460-C56B4E09AE38}.AppStore|Any CPU.Deploy.0 = Release|Any CPU
		{159B290F-DB47-4477-B460-C56B4E09AE38}.AppStore|ARM.ActiveCfg = Release|ARM
		{159B290F-DB47-4477-B460-C56B4E09AE38}.AppStore|ARM.Build.0 = Release|ARM
		{159B290F-DB47-4477-B460-C56B4E09AE38}.AppStore|ARM.Deploy.0 = Release|ARM
		{159B290F-DB47-4477-B460-C56B4E09AE38}.AppStore|iPhone.ActiveCfg = Release|Any CPU
		{159B290F-DB47-4477-B460-C56B4E09AE38}.AppStore|iPhone.Build.0 = Release|Any CPU
		{159B290F-DB47-4477-B460-C56B4E09AE38}.AppStore|iPhone.Deploy.0 = Release|Any CPU
		{159B290F-DB47-4477-B460-C56B4E09AE38}.AppStore|iPhoneSimulator.ActiveCfg = Release|Any CPU
		{159B290F-DB47-4477-B460-C56B4E09AE38}.AppStore|iPhoneSimulator.Build.0 = Release|Any CPU
		{159B290F-DB47-4477-B460-C56B4E09AE38}.AppStore|iPhoneSimulator.Deploy.0 = Release|Any CPU
		{159B290F-DB47-4477-B460-C56B4E09AE38}.AppStore|x64.ActiveCfg = Release|Any CPU
		{159B290F-DB47-4477-B460-C56B4E09AE38}.AppStore|x64.Build.0 = Release|Any CPU
		{159B290F-DB47-4477-B460-C56B4E09AE38}.AppStore|x64.Deploy.0 = Release|Any CPU
		{159B290F-DB47-4477-B460-C56B4E09AE38}.AppStore|x86.ActiveCfg = Release|x86
		{159B290F-DB47-4477-B460-C56B4E09AE38}.AppStore|x86.Build.0 = Release|x86
		{159B290F-DB47-4477-B460-C56B4E09AE38}.AppStore|x86.Deploy.0 = Release|x86
		{159B290F-DB47-4477-B460-C56B4E09AE38}.Debug|Any CPU.ActiveCfg = Debug|Any CPU
		{159B290F-DB47-4477-B460-C56B4E09AE38}.Debug|Any CPU.Build.0 = Debug|Any CPU
		{159B290F-DB47-4477-B460-C56B4E09AE38}.Debug|Any CPU.Deploy.0 = Debug|Any CPU
		{159B290F-DB47-4477-B460-C56B4E09AE38}.Debug|ARM.ActiveCfg = Debug|ARM
		{159B290F-DB47-4477-B460-C56B4E09AE38}.Debug|ARM.Build.0 = Debug|ARM
		{159B290F-DB47-4477-B460-C56B4E09AE38}.Debug|ARM.Deploy.0 = Debug|ARM
		{159B290F-DB47-4477-B460-C56B4E09AE38}.Debug|iPhone.ActiveCfg = Debug|Any CPU
		{159B290F-DB47-4477-B460-C56B4E09AE38}.Debug|iPhone.Build.0 = Debug|Any CPU
		{159B290F-DB47-4477-B460-C56B4E09AE38}.Debug|iPhone.Deploy.0 = Debug|Any CPU
		{159B290F-DB47-4477-B460-C56B4E09AE38}.Debug|iPhoneSimulator.ActiveCfg = Debug|Any CPU
		{159B290F-DB47-4477-B460-C56B4E09AE38}.Debug|iPhoneSimulator.Build.0 = Debug|Any CPU
		{159B290F-DB47-4477-B460-C56B4E09AE38}.Debug|iPhoneSimulator.Deploy.0 = Debug|Any CPU
		{159B290F-DB47-4477-B460-C56B4E09AE38}.Debug|x64.ActiveCfg = Debug|Any CPU
		{159B290F-DB47-4477-B460-C56B4E09AE38}.Debug|x64.Build.0 = Debug|Any CPU
		{159B290F-DB47-4477-B460-C56B4E09AE38}.Debug|x64.Deploy.0 = Debug|Any CPU
		{159B290F-DB47-4477-B460-C56B4E09AE38}.Debug|x86.ActiveCfg = Debug|x86
		{159B290F-DB47-4477-B460-C56B4E09AE38}.Debug|x86.Build.0 = Debug|x86
		{159B290F-DB47-4477-B460-C56B4E09AE38}.Debug|x86.Deploy.0 = Debug|x86
		{159B290F-DB47-4477-B460-C56B4E09AE38}.Release|Any CPU.ActiveCfg = Release|Any CPU
		{159B290F-DB47-4477-B460-C56B4E09AE38}.Release|Any CPU.Build.0 = Release|Any CPU
		{159B290F-DB47-4477-B460-C56B4E09AE38}.Release|Any CPU.Deploy.0 = Release|Any CPU
		{159B290F-DB47-4477-B460-C56B4E09AE38}.Release|ARM.ActiveCfg = Release|ARM
		{159B290F-DB47-4477-B460-C56B4E09AE38}.Release|ARM.Build.0 = Release|ARM
		{159B290F-DB47-4477-B460-C56B4E09AE38}.Release|ARM.Deploy.0 = Release|ARM
		{159B290F-DB47-4477-B460-C56B4E09AE38}.Release|iPhone.ActiveCfg = Release|Any CPU
		{159B290F-DB47-4477-B460-C56B4E09AE38}.Release|iPhone.Build.0 = Release|Any CPU
		{159B290F-DB47-4477-B460-C56B4E09AE38}.Release|iPhone.Deploy.0 = Release|Any CPU
		{159B290F-DB47-4477-B460-C56B4E09AE38}.Release|iPhoneSimulator.ActiveCfg = Release|Any CPU
		{159B290F-DB47-4477-B460-C56B4E09AE38}.Release|iPhoneSimulator.Build.0 = Release|Any CPU
		{159B290F-DB47-4477-B460-C56B4E09AE38}.Release|iPhoneSimulator.Deploy.0 = Release|Any CPU
		{159B290F-DB47-4477-B460-C56B4E09AE38}.Release|x64.ActiveCfg = Release|Any CPU
		{159B290F-DB47-4477-B460-C56B4E09AE38}.Release|x64.Build.0 = Release|Any CPU
		{159B290F-DB47-4477-B460-C56B4E09AE38}.Release|x64.Deploy.0 = Release|Any CPU
		{159B290F-DB47-4477-B460-C56B4E09AE38}.Release|x86.ActiveCfg = Release|x86
		{159B290F-DB47-4477-B460-C56B4E09AE38}.Release|x86.Build.0 = Release|x86
		{159B290F-DB47-4477-B460-C56B4E09AE38}.Release|x86.Deploy.0 = Release|x86
		{1217FEA8-F4D6-4268-8CEF-48880E9EE348}.Ad-Hoc|Any CPU.ActiveCfg = Release|x86
		{1217FEA8-F4D6-4268-8CEF-48880E9EE348}.Ad-Hoc|Any CPU.Build.0 = Release|x86
		{1217FEA8-F4D6-4268-8CEF-48880E9EE348}.Ad-Hoc|Any CPU.Deploy.0 = Release|x86
		{1217FEA8-F4D6-4268-8CEF-48880E9EE348}.Ad-Hoc|ARM.ActiveCfg = Release|ARM
		{1217FEA8-F4D6-4268-8CEF-48880E9EE348}.Ad-Hoc|ARM.Build.0 = Release|ARM
		{1217FEA8-F4D6-4268-8CEF-48880E9EE348}.Ad-Hoc|ARM.Deploy.0 = Release|ARM
		{1217FEA8-F4D6-4268-8CEF-48880E9EE348}.Ad-Hoc|iPhone.ActiveCfg = Release|x86
		{1217FEA8-F4D6-4268-8CEF-48880E9EE348}.Ad-Hoc|iPhone.Build.0 = Release|x86
		{1217FEA8-F4D6-4268-8CEF-48880E9EE348}.Ad-Hoc|iPhone.Deploy.0 = Release|x86
		{1217FEA8-F4D6-4268-8CEF-48880E9EE348}.Ad-Hoc|iPhoneSimulator.ActiveCfg = Release|x86
		{1217FEA8-F4D6-4268-8CEF-48880E9EE348}.Ad-Hoc|iPhoneSimulator.Build.0 = Release|x86
		{1217FEA8-F4D6-4268-8CEF-48880E9EE348}.Ad-Hoc|iPhoneSimulator.Deploy.0 = Release|x86
		{1217FEA8-F4D6-4268-8CEF-48880E9EE348}.Ad-Hoc|x64.ActiveCfg = Release|x64
		{1217FEA8-F4D6-4268-8CEF-48880E9EE348}.Ad-Hoc|x64.Build.0 = Release|x64
		{1217FEA8-F4D6-4268-8CEF-48880E9EE348}.Ad-Hoc|x64.Deploy.0 = Release|x64
		{1217FEA8-F4D6-4268-8CEF-48880E9EE348}.Ad-Hoc|x86.ActiveCfg = Release|x86
		{1217FEA8-F4D6-4268-8CEF-48880E9EE348}.Ad-Hoc|x86.Build.0 = Release|x86
		{1217FEA8-F4D6-4268-8CEF-48880E9EE348}.Ad-Hoc|x86.Deploy.0 = Release|x86
		{1217FEA8-F4D6-4268-8CEF-48880E9EE348}.AppStore|Any CPU.ActiveCfg = Release|x86
		{1217FEA8-F4D6-4268-8CEF-48880E9EE348}.AppStore|Any CPU.Build.0 = Release|x86
		{1217FEA8-F4D6-4268-8CEF-48880E9EE348}.AppStore|Any CPU.Deploy.0 = Release|x86
		{1217FEA8-F4D6-4268-8CEF-48880E9EE348}.AppStore|ARM.ActiveCfg = Release|ARM
		{1217FEA8-F4D6-4268-8CEF-48880E9EE348}.AppStore|ARM.Build.0 = Release|ARM
		{1217FEA8-F4D6-4268-8CEF-48880E9EE348}.AppStore|ARM.Deploy.0 = Release|ARM
		{1217FEA8-F4D6-4268-8CEF-48880E9EE348}.AppStore|iPhone.ActiveCfg = Release|x86
		{1217FEA8-F4D6-4268-8CEF-48880E9EE348}.AppStore|iPhone.Build.0 = Release|x86
		{1217FEA8-F4D6-4268-8CEF-48880E9EE348}.AppStore|iPhone.Deploy.0 = Release|x86
		{1217FEA8-F4D6-4268-8CEF-48880E9EE348}.AppStore|iPhoneSimulator.ActiveCfg = Release|x86
		{1217FEA8-F4D6-4268-8CEF-48880E9EE348}.AppStore|iPhoneSimulator.Build.0 = Release|x86
		{1217FEA8-F4D6-4268-8CEF-48880E9EE348}.AppStore|iPhoneSimulator.Deploy.0 = Release|x86
		{1217FEA8-F4D6-4268-8CEF-48880E9EE348}.AppStore|x64.ActiveCfg = Release|x64
		{1217FEA8-F4D6-4268-8CEF-48880E9EE348}.AppStore|x64.Build.0 = Release|x64
		{1217FEA8-F4D6-4268-8CEF-48880E9EE348}.AppStore|x64.Deploy.0 = Release|x64
		{1217FEA8-F4D6-4268-8CEF-48880E9EE348}.AppStore|x86.ActiveCfg = Release|x86
		{1217FEA8-F4D6-4268-8CEF-48880E9EE348}.AppStore|x86.Build.0 = Release|x86
		{1217FEA8-F4D6-4268-8CEF-48880E9EE348}.AppStore|x86.Deploy.0 = Release|x86
		{1217FEA8-F4D6-4268-8CEF-48880E9EE348}.Debug|Any CPU.ActiveCfg = Debug|x86
		{1217FEA8-F4D6-4268-8CEF-48880E9EE348}.Debug|ARM.ActiveCfg = Debug|ARM
		{1217FEA8-F4D6-4268-8CEF-48880E9EE348}.Debug|ARM.Build.0 = Debug|ARM
		{1217FEA8-F4D6-4268-8CEF-48880E9EE348}.Debug|ARM.Deploy.0 = Debug|ARM
		{1217FEA8-F4D6-4268-8CEF-48880E9EE348}.Debug|iPhone.ActiveCfg = Debug|x86
		{1217FEA8-F4D6-4268-8CEF-48880E9EE348}.Debug|iPhoneSimulator.ActiveCfg = Debug|x86
		{1217FEA8-F4D6-4268-8CEF-48880E9EE348}.Debug|x64.ActiveCfg = Debug|x64
		{1217FEA8-F4D6-4268-8CEF-48880E9EE348}.Debug|x64.Build.0 = Debug|x64
		{1217FEA8-F4D6-4268-8CEF-48880E9EE348}.Debug|x64.Deploy.0 = Debug|x64
		{1217FEA8-F4D6-4268-8CEF-48880E9EE348}.Debug|x86.ActiveCfg = Debug|x86
		{1217FEA8-F4D6-4268-8CEF-48880E9EE348}.Debug|x86.Build.0 = Debug|x86
		{1217FEA8-F4D6-4268-8CEF-48880E9EE348}.Debug|x86.Deploy.0 = Debug|x86
		{1217FEA8-F4D6-4268-8CEF-48880E9EE348}.Release|Any CPU.ActiveCfg = Release|x86
		{1217FEA8-F4D6-4268-8CEF-48880E9EE348}.Release|ARM.ActiveCfg = Release|ARM
		{1217FEA8-F4D6-4268-8CEF-48880E9EE348}.Release|ARM.Build.0 = Release|ARM
		{1217FEA8-F4D6-4268-8CEF-48880E9EE348}.Release|ARM.Deploy.0 = Release|ARM
		{1217FEA8-F4D6-4268-8CEF-48880E9EE348}.Release|iPhone.ActiveCfg = Release|x86
		{1217FEA8-F4D6-4268-8CEF-48880E9EE348}.Release|iPhoneSimulator.ActiveCfg = Release|x86
		{1217FEA8-F4D6-4268-8CEF-48880E9EE348}.Release|x64.ActiveCfg = Release|x64
		{1217FEA8-F4D6-4268-8CEF-48880E9EE348}.Release|x64.Build.0 = Release|x64
		{1217FEA8-F4D6-4268-8CEF-48880E9EE348}.Release|x64.Deploy.0 = Release|x64
		{1217FEA8-F4D6-4268-8CEF-48880E9EE348}.Release|x86.ActiveCfg = Release|x86
		{1217FEA8-F4D6-4268-8CEF-48880E9EE348}.Release|x86.Build.0 = Release|x86
		{1217FEA8-F4D6-4268-8CEF-48880E9EE348}.Release|x86.Deploy.0 = Release|x86
		{9772D0AA-D8D2-4A82-B5F4-A4E57D556A9D}.Ad-Hoc|Any CPU.ActiveCfg = Release|Any CPU
		{9772D0AA-D8D2-4A82-B5F4-A4E57D556A9D}.Ad-Hoc|Any CPU.Build.0 = Release|Any CPU
		{9772D0AA-D8D2-4A82-B5F4-A4E57D556A9D}.Ad-Hoc|Any CPU.Deploy.0 = Release|Any CPU
		{9772D0AA-D8D2-4A82-B5F4-A4E57D556A9D}.Ad-Hoc|ARM.ActiveCfg = Release|ARM
		{9772D0AA-D8D2-4A82-B5F4-A4E57D556A9D}.Ad-Hoc|ARM.Build.0 = Release|ARM
		{9772D0AA-D8D2-4A82-B5F4-A4E57D556A9D}.Ad-Hoc|ARM.Deploy.0 = Release|ARM
		{9772D0AA-D8D2-4A82-B5F4-A4E57D556A9D}.Ad-Hoc|iPhone.ActiveCfg = Release|Any CPU
		{9772D0AA-D8D2-4A82-B5F4-A4E57D556A9D}.Ad-Hoc|iPhone.Build.0 = Release|Any CPU
		{9772D0AA-D8D2-4A82-B5F4-A4E57D556A9D}.Ad-Hoc|iPhone.Deploy.0 = Release|Any CPU
		{9772D0AA-D8D2-4A82-B5F4-A4E57D556A9D}.Ad-Hoc|iPhoneSimulator.ActiveCfg = Release|Any CPU
		{9772D0AA-D8D2-4A82-B5F4-A4E57D556A9D}.Ad-Hoc|iPhoneSimulator.Build.0 = Release|Any CPU
		{9772D0AA-D8D2-4A82-B5F4-A4E57D556A9D}.Ad-Hoc|iPhoneSimulator.Deploy.0 = Release|Any CPU
		{9772D0AA-D8D2-4A82-B5F4-A4E57D556A9D}.Ad-Hoc|x64.ActiveCfg = Release|x64
		{9772D0AA-D8D2-4A82-B5F4-A4E57D556A9D}.Ad-Hoc|x64.Build.0 = Release|x64
		{9772D0AA-D8D2-4A82-B5F4-A4E57D556A9D}.Ad-Hoc|x64.Deploy.0 = Release|x64
		{9772D0AA-D8D2-4A82-B5F4-A4E57D556A9D}.Ad-Hoc|x86.ActiveCfg = Release|x86
		{9772D0AA-D8D2-4A82-B5F4-A4E57D556A9D}.Ad-Hoc|x86.Build.0 = Release|x86
		{9772D0AA-D8D2-4A82-B5F4-A4E57D556A9D}.Ad-Hoc|x86.Deploy.0 = Release|x86
		{9772D0AA-D8D2-4A82-B5F4-A4E57D556A9D}.AppStore|Any CPU.ActiveCfg = Release|Any CPU
		{9772D0AA-D8D2-4A82-B5F4-A4E57D556A9D}.AppStore|Any CPU.Build.0 = Release|Any CPU
		{9772D0AA-D8D2-4A82-B5F4-A4E57D556A9D}.AppStore|Any CPU.Deploy.0 = Release|Any CPU
		{9772D0AA-D8D2-4A82-B5F4-A4E57D556A9D}.AppStore|ARM.ActiveCfg = Release|ARM
		{9772D0AA-D8D2-4A82-B5F4-A4E57D556A9D}.AppStore|ARM.Build.0 = Release|ARM
		{9772D0AA-D8D2-4A82-B5F4-A4E57D556A9D}.AppStore|ARM.Deploy.0 = Release|ARM
		{9772D0AA-D8D2-4A82-B5F4-A4E57D556A9D}.AppStore|iPhone.ActiveCfg = Release|Any CPU
		{9772D0AA-D8D2-4A82-B5F4-A4E57D556A9D}.AppStore|iPhone.Build.0 = Release|Any CPU
		{9772D0AA-D8D2-4A82-B5F4-A4E57D556A9D}.AppStore|iPhone.Deploy.0 = Release|Any CPU
		{9772D0AA-D8D2-4A82-B5F4-A4E57D556A9D}.AppStore|iPhoneSimulator.ActiveCfg = Release|Any CPU
		{9772D0AA-D8D2-4A82-B5F4-A4E57D556A9D}.AppStore|iPhoneSimulator.Build.0 = Release|Any CPU
		{9772D0AA-D8D2-4A82-B5F4-A4E57D556A9D}.AppStore|iPhoneSimulator.Deploy.0 = Release|Any CPU
		{9772D0AA-D8D2-4A82-B5F4-A4E57D556A9D}.AppStore|x64.ActiveCfg = Release|x64
		{9772D0AA-D8D2-4A82-B5F4-A4E57D556A9D}.AppStore|x64.Build.0 = Release|x64
		{9772D0AA-D8D2-4A82-B5F4-A4E57D556A9D}.AppStore|x64.Deploy.0 = Release|x64
		{9772D0AA-D8D2-4A82-B5F4-A4E57D556A9D}.AppStore|x86.ActiveCfg = Release|x86
		{9772D0AA-D8D2-4A82-B5F4-A4E57D556A9D}.AppStore|x86.Build.0 = Release|x86
		{9772D0AA-D8D2-4A82-B5F4-A4E57D556A9D}.AppStore|x86.Deploy.0 = Release|x86
		{9772D0AA-D8D2-4A82-B5F4-A4E57D556A9D}.Debug|Any CPU.ActiveCfg = Debug|Any CPU
		{9772D0AA-D8D2-4A82-B5F4-A4E57D556A9D}.Debug|Any CPU.Build.0 = Debug|Any CPU
		{9772D0AA-D8D2-4A82-B5F4-A4E57D556A9D}.Debug|Any CPU.Deploy.0 = Debug|Any CPU
		{9772D0AA-D8D2-4A82-B5F4-A4E57D556A9D}.Debug|ARM.ActiveCfg = Debug|ARM
		{9772D0AA-D8D2-4A82-B5F4-A4E57D556A9D}.Debug|ARM.Build.0 = Debug|ARM
		{9772D0AA-D8D2-4A82-B5F4-A4E57D556A9D}.Debug|ARM.Deploy.0 = Debug|ARM
		{9772D0AA-D8D2-4A82-B5F4-A4E57D556A9D}.Debug|iPhone.ActiveCfg = Debug|Any CPU
		{9772D0AA-D8D2-4A82-B5F4-A4E57D556A9D}.Debug|iPhone.Build.0 = Debug|Any CPU
		{9772D0AA-D8D2-4A82-B5F4-A4E57D556A9D}.Debug|iPhone.Deploy.0 = Debug|Any CPU
		{9772D0AA-D8D2-4A82-B5F4-A4E57D556A9D}.Debug|iPhoneSimulator.ActiveCfg = Debug|Any CPU
		{9772D0AA-D8D2-4A82-B5F4-A4E57D556A9D}.Debug|iPhoneSimulator.Build.0 = Debug|Any CPU
		{9772D0AA-D8D2-4A82-B5F4-A4E57D556A9D}.Debug|iPhoneSimulator.Deploy.0 = Debug|Any CPU
		{9772D0AA-D8D2-4A82-B5F4-A4E57D556A9D}.Debug|x64.ActiveCfg = Debug|x64
		{9772D0AA-D8D2-4A82-B5F4-A4E57D556A9D}.Debug|x64.Build.0 = Debug|x64
		{9772D0AA-D8D2-4A82-B5F4-A4E57D556A9D}.Debug|x64.Deploy.0 = Debug|x64
		{9772D0AA-D8D2-4A82-B5F4-A4E57D556A9D}.Debug|x86.ActiveCfg = Debug|x86
		{9772D0AA-D8D2-4A82-B5F4-A4E57D556A9D}.Debug|x86.Build.0 = Debug|x86
		{9772D0AA-D8D2-4A82-B5F4-A4E57D556A9D}.Debug|x86.Deploy.0 = Debug|x86
		{9772D0AA-D8D2-4A82-B5F4-A4E57D556A9D}.Release|Any CPU.ActiveCfg = Release|Any CPU
		{9772D0AA-D8D2-4A82-B5F4-A4E57D556A9D}.Release|Any CPU.Build.0 = Release|Any CPU
		{9772D0AA-D8D2-4A82-B5F4-A4E57D556A9D}.Release|Any CPU.Deploy.0 = Release|Any CPU
		{9772D0AA-D8D2-4A82-B5F4-A4E57D556A9D}.Release|ARM.ActiveCfg = Release|ARM
		{9772D0AA-D8D2-4A82-B5F4-A4E57D556A9D}.Release|ARM.Build.0 = Release|ARM
		{9772D0AA-D8D2-4A82-B5F4-A4E57D556A9D}.Release|ARM.Deploy.0 = Release|ARM
		{9772D0AA-D8D2-4A82-B5F4-A4E57D556A9D}.Release|iPhone.ActiveCfg = Release|Any CPU
		{9772D0AA-D8D2-4A82-B5F4-A4E57D556A9D}.Release|iPhone.Build.0 = Release|Any CPU
		{9772D0AA-D8D2-4A82-B5F4-A4E57D556A9D}.Release|iPhone.Deploy.0 = Release|Any CPU
		{9772D0AA-D8D2-4A82-B5F4-A4E57D556A9D}.Release|iPhoneSimulator.ActiveCfg = Release|Any CPU
		{9772D0AA-D8D2-4A82-B5F4-A4E57D556A9D}.Release|iPhoneSimulator.Build.0 = Release|Any CPU
		{9772D0AA-D8D2-4A82-B5F4-A4E57D556A9D}.Release|iPhoneSimulator.Deploy.0 = Release|Any CPU
		{9772D0AA-D8D2-4A82-B5F4-A4E57D556A9D}.Release|x64.ActiveCfg = Release|x64
		{9772D0AA-D8D2-4A82-B5F4-A4E57D556A9D}.Release|x64.Build.0 = Release|x64
		{9772D0AA-D8D2-4A82-B5F4-A4E57D556A9D}.Release|x64.Deploy.0 = Release|x64
		{9772D0AA-D8D2-4A82-B5F4-A4E57D556A9D}.Release|x86.ActiveCfg = Release|x86
		{9772D0AA-D8D2-4A82-B5F4-A4E57D556A9D}.Release|x86.Build.0 = Release|x86
		{9772D0AA-D8D2-4A82-B5F4-A4E57D556A9D}.Release|x86.Deploy.0 = Release|x86
		{E8964424-DC69-4395-A7AE-5E3162700AC8}.Ad-Hoc|Any CPU.ActiveCfg = Release|Any CPU
		{E8964424-DC69-4395-A7AE-5E3162700AC8}.Ad-Hoc|Any CPU.Build.0 = Release|Any CPU
		{E8964424-DC69-4395-A7AE-5E3162700AC8}.Ad-Hoc|ARM.ActiveCfg = Release|Any CPU
		{E8964424-DC69-4395-A7AE-5E3162700AC8}.Ad-Hoc|ARM.Build.0 = Release|Any CPU
		{E8964424-DC69-4395-A7AE-5E3162700AC8}.Ad-Hoc|iPhone.ActiveCfg = Release|Any CPU
		{E8964424-DC69-4395-A7AE-5E3162700AC8}.Ad-Hoc|iPhone.Build.0 = Release|Any CPU
		{E8964424-DC69-4395-A7AE-5E3162700AC8}.Ad-Hoc|iPhoneSimulator.ActiveCfg = Release|Any CPU
		{E8964424-DC69-4395-A7AE-5E3162700AC8}.Ad-Hoc|iPhoneSimulator.Build.0 = Release|Any CPU
		{E8964424-DC69-4395-A7AE-5E3162700AC8}.Ad-Hoc|x64.ActiveCfg = Release|Any CPU
		{E8964424-DC69-4395-A7AE-5E3162700AC8}.Ad-Hoc|x64.Build.0 = Release|Any CPU
		{E8964424-DC69-4395-A7AE-5E3162700AC8}.Ad-Hoc|x86.ActiveCfg = Release|Any CPU
		{E8964424-DC69-4395-A7AE-5E3162700AC8}.Ad-Hoc|x86.Build.0 = Release|Any CPU
		{E8964424-DC69-4395-A7AE-5E3162700AC8}.AppStore|Any CPU.ActiveCfg = Release|Any CPU
		{E8964424-DC69-4395-A7AE-5E3162700AC8}.AppStore|Any CPU.Build.0 = Release|Any CPU
		{E8964424-DC69-4395-A7AE-5E3162700AC8}.AppStore|ARM.ActiveCfg = Release|Any CPU
		{E8964424-DC69-4395-A7AE-5E3162700AC8}.AppStore|ARM.Build.0 = Release|Any CPU
		{E8964424-DC69-4395-A7AE-5E3162700AC8}.AppStore|iPhone.ActiveCfg = Release|Any CPU
		{E8964424-DC69-4395-A7AE-5E3162700AC8}.AppStore|iPhone.Build.0 = Release|Any CPU
		{E8964424-DC69-4395-A7AE-5E3162700AC8}.AppStore|iPhoneSimulator.ActiveCfg = Release|Any CPU
		{E8964424-DC69-4395-A7AE-5E3162700AC8}.AppStore|iPhoneSimulator.Build.0 = Release|Any CPU
		{E8964424-DC69-4395-A7AE-5E3162700AC8}.AppStore|x64.ActiveCfg = Release|Any CPU
		{E8964424-DC69-4395-A7AE-5E3162700AC8}.AppStore|x64.Build.0 = Release|Any CPU
		{E8964424-DC69-4395-A7AE-5E3162700AC8}.AppStore|x86.ActiveCfg = Release|Any CPU
		{E8964424-DC69-4395-A7AE-5E3162700AC8}.AppStore|x86.Build.0 = Release|Any CPU
		{E8964424-DC69-4395-A7AE-5E3162700AC8}.Debug|Any CPU.ActiveCfg = Debug|Any CPU
		{E8964424-DC69-4395-A7AE-5E3162700AC8}.Debug|Any CPU.Build.0 = Debug|Any CPU
		{E8964424-DC69-4395-A7AE-5E3162700AC8}.Debug|ARM.ActiveCfg = Debug|Any CPU
		{E8964424-DC69-4395-A7AE-5E3162700AC8}.Debug|ARM.Build.0 = Debug|Any CPU
		{E8964424-DC69-4395-A7AE-5E3162700AC8}.Debug|iPhone.ActiveCfg = Debug|Any CPU
		{E8964424-DC69-4395-A7AE-5E3162700AC8}.Debug|iPhone.Build.0 = Debug|Any CPU
		{E8964424-DC69-4395-A7AE-5E3162700AC8}.Debug|iPhoneSimulator.ActiveCfg = Debug|Any CPU
		{E8964424-DC69-4395-A7AE-5E3162700AC8}.Debug|iPhoneSimulator.Build.0 = Debug|Any CPU
		{E8964424-DC69-4395-A7AE-5E3162700AC8}.Debug|x64.ActiveCfg = Debug|Any CPU
		{E8964424-DC69-4395-A7AE-5E3162700AC8}.Debug|x64.Build.0 = Debug|Any CPU
		{E8964424-DC69-4395-A7AE-5E3162700AC8}.Debug|x86.ActiveCfg = Debug|Any CPU
		{E8964424-DC69-4395-A7AE-5E3162700AC8}.Debug|x86.Build.0 = Debug|Any CPU
		{E8964424-DC69-4395-A7AE-5E3162700AC8}.Release|Any CPU.ActiveCfg = Release|Any CPU
		{E8964424-DC69-4395-A7AE-5E3162700AC8}.Release|Any CPU.Build.0 = Release|Any CPU
		{E8964424-DC69-4395-A7AE-5E3162700AC8}.Release|ARM.ActiveCfg = Release|Any CPU
		{E8964424-DC69-4395-A7AE-5E3162700AC8}.Release|ARM.Build.0 = Release|Any CPU
		{E8964424-DC69-4395-A7AE-5E3162700AC8}.Release|iPhone.ActiveCfg = Release|Any CPU
		{E8964424-DC69-4395-A7AE-5E3162700AC8}.Release|iPhone.Build.0 = Release|Any CPU
		{E8964424-DC69-4395-A7AE-5E3162700AC8}.Release|iPhoneSimulator.ActiveCfg = Release|Any CPU
		{E8964424-DC69-4395-A7AE-5E3162700AC8}.Release|iPhoneSimulator.Build.0 = Release|Any CPU
		{E8964424-DC69-4395-A7AE-5E3162700AC8}.Release|x64.ActiveCfg = Release|Any CPU
		{E8964424-DC69-4395-A7AE-5E3162700AC8}.Release|x64.Build.0 = Release|Any CPU
		{E8964424-DC69-4395-A7AE-5E3162700AC8}.Release|x86.ActiveCfg = Release|Any CPU
		{E8964424-DC69-4395-A7AE-5E3162700AC8}.Release|x86.Build.0 = Release|Any CPU
	EndGlobalSection
	GlobalSection(SolutionProperties) = preSolution
		HideSolutionNode = FALSE
	EndGlobalSection
EndGlobal
